
Microsoft Visual Studio Solution File, Format Version 12.00
# Visual Studio 15
VisualStudioVersion = 15.0.26124.0
MinimumVisualStudioVersion = 15.0.26124.0
Project("{2150E333-8FDC-42A3-9474-1A3956D46DE8}") = "src", "src", "{F8B8EEF2-2F4E-4A1D-B45A-B9856D891A66}"
EndProject
Project("{FAE04EC0-301F-11D3-BF4B-00C04F79EFBC}") = "GradeBook", "src\GradeBook\GradeBook.csproj", "{89886A77-F384-42C7-B6D3-BB1DA35C2E96}"
EndProject
Project("{2150E333-8FDC-42A3-9474-1A3956D46DE8}") = "test", "test", "{0423D442-AF99-4753-9E28-2759B8E38B07}"
EndProject
Project("{FAE04EC0-301F-11D3-BF4B-00C04F79EFBC}") = "GradeBook.Tests", "test\GradeBook.Tests\GradeBook.Tests.csproj", "{B3D45C4C-11E4-4216-8C63-827732269371}"
EndProject
Global
	GlobalSection(SolutionConfigurationPlatforms) = preSolution
		Debug|Any CPU = Debug|Any CPU
		Debug|x64 = Debug|x64
		Debug|x86 = Debug|x86
		Release|Any CPU = Release|Any CPU
		Release|x64 = Release|x64
		Release|x86 = Release|x86
	EndGlobalSection
	GlobalSection(SolutionProperties) = preSolution
		HideSolutionNode = FALSE
	EndGlobalSection
	GlobalSection(ProjectConfigurationPlatforms) = postSolution
		{89886A77-F384-42C7-B6D3-BB1DA35C2E96}.Debug|Any CPU.ActiveCfg = Debug|Any CPU
		{89886A77-F384-42C7-B6D3-BB1DA35C2E96}.Debug|Any CPU.Build.0 = Debug|Any CPU
		{89886A77-F384-42C7-B6D3-BB1DA35C2E96}.Debug|x64.ActiveCfg = Debug|Any CPU
		{89886A77-F384-42C7-B6D3-BB1DA35C2E96}.Debug|x64.Build.0 = Debug|Any CPU
		{89886A77-F384-42C7-B6D3-BB1DA35C2E96}.Debug|x86.ActiveCfg = Debug|Any CPU
		{89886A77-F384-42C7-B6D3-BB1DA35C2E96}.Debug|x86.Build.0 = Debug|Any CPU
		{89886A77-F384-42C7-B6D3-BB1DA35C2E96}.Release|Any CPU.ActiveCfg = Release|Any CPU
		{89886A77-F384-42C7-B6D3-BB1DA35C2E96}.Release|Any CPU.Build.0 = Release|Any CPU
		{89886A77-F384-42C7-B6D3-BB1DA35C2E96}.Release|x64.ActiveCfg = Release|Any CPU
		{89886A77-F384-42C7-B6D3-BB1DA35C2E96}.Release|x64.Build.0 = Release|Any CPU
		{89886A77-F384-42C7-B6D3-BB1DA35C2E96}.Release|x86.ActiveCfg = Release|Any CPU
		{89886A77-F384-42C7-B6D3-BB1DA35C2E96}.Release|x86.Build.0 = Release|Any CPU
		{B3D45C4C-11E4-4216-8C63-827732269371}.Debug|Any CPU.ActiveCfg = Debug|Any CPU
		{B3D45C4C-11E4-4216-8C63-827732269371}.Debug|Any CPU.Build.0 = Debug|Any CPU
		{B3D45C4C-11E4-4216-8C63-827732269371}.Debug|x64.ActiveCfg = Debug|Any CPU
		{B3D45C4C-11E4-4216-8C63-827732269371}.Debug|x64.Build.0 = Debug|Any CPU
		{B3D45C4C-11E4-4216-8C63-827732269371}.Debug|x86.ActiveCfg = Debug|Any CPU
		{B3D45C4C-11E4-4216-8C63-827732269371}.Debug|x86.Build.0 = Debug|Any CPU
		{B3D45C4C-11E4-4216-8C63-827732269371}.Release|Any CPU.ActiveCfg = Release|Any CPU
		{B3D45C4C-11E4-4216-8C63-827732269371}.Release|Any CPU.Build.0 = Release|Any CPU
		{B3D45C4C-11E4-4216-8C63-827732269371}.Release|x64.ActiveCfg = Release|Any CPU
		{B3D45C4C-11E4-4216-8C63-827732269371}.Release|x64.Build.0 = Release|Any CPU
		{B3D45C4C-11E4-4216-8C63-827732269371}.Release|x86.ActiveCfg = Release|Any CPU
		{B3D45C4C-11E4-4216-8C63-827732269371}.Release|x86.Build.0 = Release|Any CPU
	EndGlobalSection
	GlobalSection(NestedProjects) = preSolution
		{89886A77-F384-42C7-B6D3-BB1DA35C2E96} = {F8B8EEF2-2F4E-4A1D-B45A-B9856D891A66}
		{B3D45C4C-11E4-4216-8C63-827732269371} = {0423D442-AF99-4753-9E28-2759B8E38B07}
	EndGlobalSection
EndGlobal
